
Microsoft Visual Studio Solution File, Format Version 12.00
# Visual Studio Version 16
VisualStudioVersion = 16.0.30114.105
MinimumVisualStudioVersion = 10.0.40219.1
Project("{9A19103F-16F7-4668-BE54-9A1E7A4F7556}") = "MiniCalculator", "MiniCalculator\MiniCalculator.csproj", "{8AAF7643-A2AE-4D10-8EBD-DF81D3925406}"
EndProject
Project("{FAE04EC0-301F-11D3-BF4B-00C04F79EFBC}") = "MiniCalculator.UnitTests", "MiniCalculator.UnitTests\MiniCalculator.UnitTests.csproj", "{677132A6-C7A0-4F15-BAB6-88E57DFA43B5}"
EndProject
Global
	GlobalSection(SolutionConfigurationPlatforms) = preSolution
		Debug|Any CPU = Debug|Any CPU
		Release|Any CPU = Release|Any CPU
	EndGlobalSection
	GlobalSection(ProjectConfigurationPlatforms) = postSolution
		{8AAF7643-A2AE-4D10-8EBD-DF81D3925406}.Debug|Any CPU.ActiveCfg = Debug|Any CPU
		{8AAF7643-A2AE-4D10-8EBD-DF81D3925406}.Debug|Any CPU.Build.0 = Debug|Any CPU
		{8AAF7643-A2AE-4D10-8EBD-DF81D3925406}.Release|Any CPU.ActiveCfg = Release|Any CPU
		{8AAF7643-A2AE-4D10-8EBD-DF81D3925406}.Release|Any CPU.Build.0 = Release|Any CPU
		{677132A6-C7A0-4F15-BAB6-88E57DFA43B5}.Debug|Any CPU.ActiveCfg = Debug|Any CPU
		{677132A6-C7A0-4F15-BAB6-88E57DFA43B5}.Debug|Any CPU.Build.0 = Debug|Any CPU
		{677132A6-C7A0-4F15-BAB6-88E57DFA43B5}.Release|Any CPU.ActiveCfg = Release|Any CPU
		{677132A6-C7A0-4F15-BAB6-88E57DFA43B5}.Release|Any CPU.Build.0 = Release|Any CPU
	EndGlobalSection
	GlobalSection(SolutionProperties) = preSolution
		HideSolutionNode = FALSE
	EndGlobalSection
	GlobalSection(ExtensibilityGlobals) = postSolution
		SolutionGuid = {ADCAA178-F6E9-464A-87BF-ED44E5EBFC9A}
	EndGlobalSection
EndGlobal
